
Microsoft Visual Studio Solution File, Format Version 12.00
# Visual Studio Version 17
VisualStudioVersion = 17.0.31903.59
MinimumVisualStudioVersion = 10.0.40219.1
Project("{2150E333-8FDC-42A3-9474-1A3956D46DE8}") = "src", "src", "{827E0CD3-B72D-47B6-A68D-7590B98EB39B}"
EndProject
Project("{FAE04EC0-301F-11D3-BF4B-00C04F79EFBC}") = "PurAnalyzer.Api", "src\PurAnalyzer.Api\PurAnalyzer.Api.csproj", "{A0F6D116-0123-46B0-B691-E264F48A5A7A}"
EndProject
Project("{FAE04EC0-301F-11D3-BF4B-00C04F79EFBC}") = "PurAnalyzer.Application", "src\PurAnalyzer.Application\PurAnalyzer.Application.csproj", "{FF1C64B8-7838-4CD6-AE5D-9C0EF079E421}"
EndProject
Project("{FAE04EC0-301F-11D3-BF4B-00C04F79EFBC}") = "PurAnalyzer.Domain", "src\PurAnalyzer.Domain\PurAnalyzer.Domain.csproj", "{00A6F389-DE16-4CB5-8ED6-17805FBB6A24}"
EndProject
Project("{FAE04EC0-301F-11D3-BF4B-00C04F79EFBC}") = "PurAnalyzer.Infrastructure", "src\PurAnalyzer.Infrastructure\PurAnalyzer.Infrastructure.csproj", "{EBAB1F4E-253B-4343-B4F0-983CD86501EE}"
EndProject
Project("{2150E333-8FDC-42A3-9474-1A3956D46DE8}") = "tests", "tests", "{0AB3BF05-4346-4AA6-1389-037BE0695223}"
EndProject
Project("{FAE04EC0-301F-11D3-BF4B-00C04F79EFBC}") = "PurAnalyzer.Tests", "tests\PurAnalyzer.Tests\PurAnalyzer.Tests.csproj", "{8ACB70E0-E74F-4D7A-AFD4-74B440770628}"
EndProject
Global
	GlobalSection(SolutionConfigurationPlatforms) = preSolution
		Debug|Any CPU = Debug|Any CPU
		Debug|x64 = Debug|x64
		Debug|x86 = Debug|x86
		Release|Any CPU = Release|Any CPU
		Release|x64 = Release|x64
		Release|x86 = Release|x86
	EndGlobalSection
	GlobalSection(ProjectConfigurationPlatforms) = postSolution
		{A0F6D116-0123-46B0-B691-E264F48A5A7A}.Debug|Any CPU.ActiveCfg = Debug|Any CPU
		{A0F6D116-0123-46B0-B691-E264F48A5A7A}.Debug|Any CPU.Build.0 = Debug|Any CPU
		{A0F6D116-0123-46B0-B691-E264F48A5A7A}.Debug|x64.ActiveCfg = Debug|Any CPU
		{A0F6D116-0123-46B0-B691-E264F48A5A7A}.Debug|x64.Build.0 = Debug|Any CPU
		{A0F6D116-0123-46B0-B691-E264F48A5A7A}.Debug|x86.ActiveCfg = Debug|Any CPU
		{A0F6D116-0123-46B0-B691-E264F48A5A7A}.Debug|x86.Build.0 = Debug|Any CPU
		{A0F6D116-0123-46B0-B691-E264F48A5A7A}.Release|Any CPU.ActiveCfg = Release|Any CPU
		{A0F6D116-0123-46B0-B691-E264F48A5A7A}.Release|Any CPU.Build.0 = Release|Any CPU
		{A0F6D116-0123-46B0-B691-E264F48A5A7A}.Release|x64.ActiveCfg = Release|Any CPU
		{A0F6D116-0123-46B0-B691-E264F48A5A7A}.Release|x64.Build.0 = Release|Any CPU
		{A0F6D116-0123-46B0-B691-E264F48A5A7A}.Release|x86.ActiveCfg = Release|Any CPU
		{A0F6D116-0123-46B0-B691-E264F48A5A7A}.Release|x86.Build.0 = Release|Any CPU
		{FF1C64B8-7838-4CD6-AE5D-9C0EF079E421}.Debug|Any CPU.ActiveCfg = Debug|Any CPU
		{FF1C64B8-7838-4CD6-AE5D-9C0EF079E421}.Debug|Any CPU.Build.0 = Debug|Any CPU
		{FF1C64B8-7838-4CD6-AE5D-9C0EF079E421}.Debug|x64.ActiveCfg = Debug|Any CPU
		{FF1C64B8-7838-4CD6-AE5D-9C0EF079E421}.Debug|x64.Build.0 = Debug|Any CPU
		{FF1C64B8-7838-4CD6-AE5D-9C0EF079E421}.Debug|x86.ActiveCfg = Debug|Any CPU
		{FF1C64B8-7838-4CD6-AE5D-9C0EF079E421}.Debug|x86.Build.0 = Debug|Any CPU
		{FF1C64B8-7838-4CD6-AE5D-9C0EF079E421}.Release|Any CPU.ActiveCfg = Release|Any CPU
		{FF1C64B8-7838-4CD6-AE5D-9C0EF079E421}.Release|Any CPU.Build.0 = Release|Any CPU
		{FF1C64B8-7838-4CD6-AE5D-9C0EF079E421}.Release|x64.ActiveCfg = Release|Any CPU
		{FF1C64B8-7838-4CD6-AE5D-9C0EF079E421}.Release|x64.Build.0 = Release|Any CPU
		{FF1C64B8-7838-4CD6-AE5D-9C0EF079E421}.Release|x86.ActiveCfg = Release|Any CPU
		{FF1C64B8-7838-4CD6-AE5D-9C0EF079E421}.Release|x86.Build.0 = Release|Any CPU
		{00A6F389-DE16-4CB5-8ED6-17805FBB6A24}.Debug|Any CPU.ActiveCfg = Debug|Any CPU
		{00A6F389-DE16-4CB5-8ED6-17805FBB6A24}.Debug|Any CPU.Build.0 = Debug|Any CPU
		{00A6F389-DE16-4CB5-8ED6-17805FBB6A24}.Debug|x64.ActiveCfg = Debug|Any CPU
		{00A6F389-DE16-4CB5-8ED6-17805FBB6A24}.Debug|x64.Build.0 = Debug|Any CPU
		{00A6F389-DE16-4CB5-8ED6-17805FBB6A24}.Debug|x86.ActiveCfg = Debug|Any CPU
		{00A6F389-DE16-4CB5-8ED6-17805FBB6A24}.Debug|x86.Build.0 = Debug|Any CPU
		{00A6F389-DE16-4CB5-8ED6-17805FBB6A24}.Release|Any CPU.ActiveCfg = Release|Any CPU
		{00A6F389-DE16-4CB5-8ED6-17805FBB6A24}.Release|Any CPU.Build.0 = Release|Any CPU
		{00A6F389-DE16-4CB5-8ED6-17805FBB6A24}.Release|x64.ActiveCfg = Release|Any CPU
		{00A6F389-DE16-4CB5-8ED6-17805FBB6A24}.Release|x64.Build.0 = Release|Any CPU
		{00A6F389-DE16-4CB5-8ED6-17805FBB6A24}.Release|x86.ActiveCfg = Release|Any CPU
		{00A6F389-DE16-4CB5-8ED6-17805FBB6A24}.Release|x86.Build.0 = Release|Any CPU
		{EBAB1F4E-253B-4343-B4F0-983CD86501EE}.Debug|Any CPU.ActiveCfg = Debug|Any CPU
		{EBAB1F4E-253B-4343-B4F0-983CD86501EE}.Debug|Any CPU.Build.0 = Debug|Any CPU
		{EBAB1F4E-253B-4343-B4F0-983CD86501EE}.Debug|x64.ActiveCfg = Debug|Any CPU
		{EBAB1F4E-253B-4343-B4F0-983CD86501EE}.Debug|x64.Build.0 = Debug|Any CPU
		{EBAB1F4E-253B-4343-B4F0-983CD86501EE}.Debug|x86.ActiveCfg = Debug|Any CPU
		{EBAB1F4E-253B-4343-B4F0-983CD86501EE}.Debug|x86.Build.0 = Debug|Any CPU
		{EBAB1F4E-253B-4343-B4F0-983CD86501EE}.Release|Any CPU.ActiveCfg = Release|Any CPU
		{EBAB1F4E-253B-4343-B4F0-983CD86501EE}.Release|Any CPU.Build.0 = Release|Any CPU
		{EBAB1F4E-253B-4343-B4F0-983CD86501EE}.Release|x64.ActiveCfg = Release|Any CPU
		{EBAB1F4E-253B-4343-B4F0-983CD86501EE}.Release|x64.Build.0 = Release|Any CPU
		{EBAB1F4E-253B-4343-B4F0-983CD86501EE}.Release|x86.ActiveCfg = Release|Any CPU
		{EBAB1F4E-253B-4343-B4F0-983CD86501EE}.Release|x86.Build.0 = Release|Any CPU
		{8ACB70E0-E74F-4D7A-AFD4-74B440770628}.Debug|Any CPU.ActiveCfg = Debug|Any CPU
		{8ACB70E0-E74F-4D7A-AFD4-74B440770628}.Debug|Any CPU.Build.0 = Debug|Any CPU
		{8ACB70E0-E74F-4D7A-AFD4-74B440770628}.Debug|x64.ActiveCfg = Debug|Any CPU
		{8ACB70E0-E74F-4D7A-AFD4-74B440770628}.Debug|x64.Build.0 = Debug|Any CPU
		{8ACB70E0-E74F-4D7A-AFD4-74B440770628}.Debug|x86.ActiveCfg = Debug|Any CPU
		{8ACB70E0-E74F-4D7A-AFD4-74B440770628}.Debug|x86.Build.0 = Debug|Any CPU
		{8ACB70E0-E74F-4D7A-AFD4-74B440770628}.Release|Any CPU.ActiveCfg = Release|Any CPU
		{8ACB70E0-E74F-4D7A-AFD4-74B440770628}.Release|Any CPU.Build.0 = Release|Any CPU
		{8ACB70E0-E74F-4D7A-AFD4-74B440770628}.Release|x64.ActiveCfg = Release|Any CPU
		{8ACB70E0-E74F-4D7A-AFD4-74B440770628}.Release|x64.Build.0 = Release|Any CPU
		{8ACB70E0-E74F-4D7A-AFD4-74B440770628}.Release|x86.ActiveCfg = Release|Any CPU
		{8ACB70E0-E74F-4D7A-AFD4-74B440770628}.Release|x86.Build.0 = Release|Any CPU
	EndGlobalSection
	GlobalSection(SolutionProperties) = preSolution
		HideSolutionNode = FALSE
	EndGlobalSection
	GlobalSection(NestedProjects) = preSolution
		{A0F6D116-0123-46B0-B691-E264F48A5A7A} = {827E0CD3-B72D-47B6-A68D-7590B98EB39B}
		{FF1C64B8-7838-4CD6-AE5D-9C0EF079E421} = {827E0CD3-B72D-47B6-A68D-7590B98EB39B}
		{00A6F389-DE16-4CB5-8ED6-17805FBB6A24} = {827E0CD3-B72D-47B6-A68D-7590B98EB39B}
		{EBAB1F4E-253B-4343-B4F0-983CD86501EE} = {827E0CD3-B72D-47B6-A68D-7590B98EB39B}
		{8ACB70E0-E74F-4D7A-AFD4-74B440770628} = {0AB3BF05-4346-4AA6-1389-037BE0695223}
	EndGlobalSection
EndGlobal
